
Microsoft Visual Studio Solution File, Format Version 12.00
# Visual Studio Version 16
VisualStudioVersion = 16.0.32002.261
MinimumVisualStudioVersion = 10.0.40219.1
Project("{FAE04EC0-301F-11D3-BF4B-00C04F79EFBC}") = "cri-server", "cri-server.csproj", "{0A76D2C0-C3F7-4703-A169-1FC0CF9D596D}"
EndProject
Project("{E53339B2-1760-4266-BCC7-CA923CBCF16C}") = "docker-compose", "docker-compose.dcproj", "{0EF97130-49FC-4AEF-B2BC-3D8ABC92EB41}"
EndProject
Global
	GlobalSection(SolutionConfigurationPlatforms) = preSolution
		Debug|Any CPU = Debug|Any CPU
		Release|Any CPU = Release|Any CPU
	EndGlobalSection
	GlobalSection(ProjectConfigurationPlatforms) = postSolution
		{0A76D2C0-C3F7-4703-A169-1FC0CF9D596D}.Debug|Any CPU.ActiveCfg = Debug|Any CPU
		{0A76D2C0-C3F7-4703-A169-1FC0CF9D596D}.Debug|Any CPU.Build.0 = Debug|Any CPU
		{0A76D2C0-C3F7-4703-A169-1FC0CF9D596D}.Release|Any CPU.ActiveCfg = Release|Any CPU
		{0A76D2C0-C3F7-4703-A169-1FC0CF9D596D}.Release|Any CPU.Build.0 = Release|Any CPU
		{0EF97130-49FC-4AEF-B2BC-3D8ABC92EB41}.Debug|Any CPU.ActiveCfg = Debug|Any CPU
		{0EF97130-49FC-4AEF-B2BC-3D8ABC92EB41}.Debug|Any CPU.Build.0 = Debug|Any CPU
		{0EF97130-49FC-4AEF-B2BC-3D8ABC92EB41}.Release|Any CPU.ActiveCfg = Release|Any CPU
		{0EF97130-49FC-4AEF-B2BC-3D8ABC92EB41}.Release|Any CPU.Build.0 = Release|Any CPU
	EndGlobalSection
	GlobalSection(SolutionProperties) = preSolution
		HideSolutionNode = FALSE
	EndGlobalSection
	GlobalSection(ExtensibilityGlobals) = postSolution
		SolutionGuid = {7A3E9FAE-AD7C-429D-AB14-2B51E4584EC9}
	EndGlobalSection
EndGlobal
